
Microsoft Visual Studio Solution File, Format Version 12.00
# Visual Studio Version 17
VisualStudioVersion = 17.7.34221.43
MinimumVisualStudioVersion = 10.0.40219.1
Project("{FAE04EC0-301F-11D3-BF4B-00C04F79EFBC}") = "BombPlane", "BombPlane.csproj", "{45CB085F-A4FA-4AB4-976D-D70936BB015A}"
EndProject
Global
	GlobalSection(SolutionConfigurationPlatforms) = preSolution
		Debug|Any CPU = Debug|Any CPU
		Release|Any CPU = Release|Any CPU
	EndGlobalSection
	GlobalSection(ProjectConfigurationPlatforms) = postSolution
		{45CB085F-A4FA-4AB4-976D-D70936BB015A}.Debug|Any CPU.ActiveCfg = Debug|Any CPU
		{45CB085F-A4FA-4AB4-976D-D70936BB015A}.Debug|Any CPU.Build.0 = Debug|Any CPU
		{45CB085F-A4FA-4AB4-976D-D70936BB015A}.Release|Any CPU.ActiveCfg = Release|Any CPU
		{45CB085F-A4FA-4AB4-976D-D70936BB015A}.Release|Any CPU.Build.0 = Release|Any CPU
	EndGlobalSection
	GlobalSection(SolutionProperties) = preSolution
		HideSolutionNode = FALSE
	EndGlobalSection
	GlobalSection(ExtensibilityGlobals) = postSolution
		SolutionGuid = {0F105FE4-5514-4DCE-81AC-315132941055}
	EndGlobalSection
EndGlobal
